// !$*UTF8*$!
{
	archiveVersion = 1;
	classes = {
	};
	objectVersion = 50;
	objects = {

/* Begin PBXBuildFile section */
		83F5DF7A246FEB1D005DA894 /* AppDelegate.swift in Sources */ = {isa = PBXBuildFile; fileRef = 83F5DF79246FEB1D005DA894 /* AppDelegate.swift */; };
		83F5DF7C246FEB1D005DA894 /* ViewController.swift in Sources */ = {isa = PBXBuildFile; fileRef = 83F5DF7B246FEB1D005DA894 /* ViewController.swift */; };
		83F5DF7E246FEB1E005DA894 /* Assets.xcassets in Resources */ = {isa = PBXBuildFile; fileRef = 83F5DF7D246FEB1E005DA894 /* Assets.xcassets */; };
		83F5DF81246FEB1E005DA894 /* Main.storyboard in Resources */ = {isa = PBXBuildFile; fileRef = 83F5DF7F246FEB1E005DA894 /* Main.storyboard */; };
		83F5DF8A246FF05B005DA894 /* SockData.swift in Sources */ = {isa = PBXBuildFile; fileRef = 83F5DF89246FF05B005DA894 /* SockData.swift */; };
/* End PBXBuildFile section */

/* Begin PBXFileReference section */
		83F5DF76246FEB1D005DA894 /* MVCtest.app */ = {isa = PBXFileReference; explicitFileType = wrapper.application; includeInIndex = 0; path = MVCtest.app; sourceTree = BUILT_PRODUCTS_DIR; };
		83F5DF79246FEB1D005DA894 /* AppDelegate.swift */ = {isa = PBXFileReference; lastKnownFileType = sourcecode.swift; path = AppDelegate.swift; sourceTree = "<group>"; };
		83F5DF7B246FEB1D005DA894 /* ViewController.swift */ = {isa = PBXFileReference; lastKnownFileType = sourcecode.swift; path = ViewController.swift; sourceTree = "<group>"; };
		83F5DF7D246FEB1E005DA894 /* Assets.xcassets */ = {isa = PBXFileReference; lastKnownFileType = folder.assetcatalog; path = Assets.xcassets; sourceTree = "<group>"; };
		83F5DF80246FEB1E005DA894 /* Base */ = {isa = PBXFileReference; lastKnownFileType = file.storyboard; name = Base; path = Base.lproj/Main.storyboard; sourceTree = "<group>"; };
		83F5DF82246FEB1E005DA894 /* Info.plist */ = {isa = PBXFileReference; lastKnownFileType = text.plist.xml; path = Info.plist; sourceTree = "<group>"; };
		83F5DF83246FEB1E005DA894 /* MVCtest.entitlements */ = {isa = PBXFileReference; lastKnownFileType = text.plist.entitlements; path = MVCtest.entitlements; sourceTree = "<group>"; };
		83F5DF89246FF05B005DA894 /* SockData.swift */ = {isa = PBXFileReference; lastKnownFileType = sourcecode.swift; path = SockData.swift; sourceTree = "<group>"; };
/* End PBXFileReference section */

/* Begin PBXFrameworksBuildPhase section */
		83F5DF73246FEB1D005DA894 /* Frameworks */ = {
			isa = PBXFrameworksBuildPhase;
			buildActionMask = 2147483647;
			files = (
			);
			runOnlyForDeploymentPostprocessing = 0;
		};
/* End PBXFrameworksBuildPhase section */

/* Begin PBXGroup section */
		83F5DF6D246FEB1D005DA894 = {
			isa = PBXGroup;
			children = (
				83F5DF78246FEB1D005DA894 /* MVCtest */,
				83F5DF77246FEB1D005DA894 /* Products */,
			);
			sourceTree = "<group>";
		};
		83F5DF77246FEB1D005DA894 /* Products */ = {
			isa = PBXGroup;
			children = (
				83F5DF76246FEB1D005DA894 /* MVCtest.app */,
			);
			name = Products;
			sourceTree = "<group>";
		};
		83F5DF78246FEB1D005DA894 /* MVCtest */ = {
			isa = PBXGroup;
			children = (
				83F5DF79246FEB1D005DA894 /* AppDelegate.swift */,
				83F5DF7B246FEB1D005DA894 /* ViewController.swift */,
				83F5DF89246FF05B005DA894 /* SockData.swift */,
				83F5DF7D246FEB1E005DA894 /* Assets.xcassets */,
				83F5DF7F246FEB1E005DA894 /* Main.storyboard */,
				83F5DF82246FEB1E005DA894 /* Info.plist */,
				83F5DF83246FEB1E005DA894 /* MVCtest.entitlements */,
			);
			path = MVCtest;
			sourceTree = "<group>";
		};
/* End PBXGroup section */

/* Begin PBXNativeTarget section */
		83F5DF75246FEB1D005DA894 /* MVCtest */ = {
			isa = PBXNativeTarget;
			buildConfigurationList = 83F5DF86246FEB1E005DA894 /* Build configuration list for PBXNativeTarget "MVCtest" */;
			buildPhases = (
				83F5DF72246FEB1D005DA894 /* Sources */,
				83F5DF73246FEB1D005DA894 /* Frameworks */,
				83F5DF74246FEB1D005DA894 /* Resources */,
			);
			buildRules = (
			);
			dependencies = (
			);
			name = MVCtest;
			productName = MVCtest;
			productReference = 83F5DF76246FEB1D005DA894 /* MVCtest.app */;
			productType = "com.apple.product-type.application";
		};
/* End PBXNativeTarget section */

/* Begin PBXProject section */
		83F5DF6E246FEB1D005DA894 /* Project object */ = {
			isa = PBXProject;
			attributes = {
				LastSwiftUpdateCheck = 1140;
				LastUpgradeCheck = 1140;
				ORGANIZATIONNAME = "Chris Smit";
				TargetAttributes = {
					83F5DF75246FEB1D005DA894 = {
						CreatedOnToolsVersion = 11.4.1;
					};
				};
			};
			buildConfigurationList = 83F5DF71246FEB1D005DA894 /* Build configuration list for PBXProject "MVCtest" */;
			compatibilityVersion = "Xcode 9.3";
			developmentRegion = en;
			hasScannedForEncodings = 0;
			knownRegions = (
				en,
				Base,
			);
			mainGroup = 83F5DF6D246FEB1D005DA894;
			productRefGroup = 83F5DF77246FEB1D005DA894 /* Products */;
			projectDirPath = "";
			projectRoot = "";
			targets = (
				83F5DF75246FEB1D005DA894 /* MVCtest */,
			);
		};
/* End PBXProject section */

/* Begin PBXResourcesBuildPhase section */
		83F5DF74246FEB1D005DA894 /* Resources */ = {
			isa = PBXResourcesBuildPhase;
			buildActionMask = 2147483647;
			files = (
				83F5DF7E246FEB1E005DA894 /* Assets.xcassets in Resources */,
				83F5DF81246FEB1E005DA894 /* Main.storyboard in Resources */,
			);
			runOnlyForDeploymentPostprocessing = 0;
		};
/* End PBXResourcesBuildPhase section */

/* Begin PBXSourcesBuildPhase section */
		83F5DF72246FEB1D005DA894 /* Sources */ = {
			isa = PBXSourcesBuildPhase;
			buildActionMask = 2147483647;
			files = (
				83F5DF7C246FEB1D005DA894 /* ViewController.swift in Sources */,
				83F5DF7A246FEB1D005DA894 /* AppDelegate.swift in Sources */,
				83F5DF8A246FF05B005DA894 /* SockData.swift in Sources */,
			);
			runOnlyForDeploymentPostprocessing = 0;
		};
/* End PBXSourcesBuildPhase section */

/* Begin PBXVariantGroup section */
		83F5DF7F246FEB1E005DA894 /* Main.storyboard */ = {
			isa = PBXVariantGroup;
			children = (
				83F5DF80246FEB1E005DA894 /* Base */,
			);
			name = Main.storyboard;
			sourceTree = "<group>";
		};
/* End PBXVariantGroup section */

/* Begin XCBuildConfiguration section */
		83F5DF84246FEB1E005DA894 /* Debug */ = {
			isa = XCBuildConfiguration;
			buildSettings = {
				ALWAYS_SEARCH_USER_PATHS = NO;
				CLANG_ANALYZER_NONNULL = YES;
				CLANG_ANALYZER_NUMBER_OBJECT_CONVERSION = YES_AGGRESSIVE;
				CLANG_CXX_LANGUAGE_STANDARD = "gnu++14";
				CLANG_CXX_LIBRARY = "libc++";
				CLANG_ENABLE_MODULES = YES;
				CLANG_ENABLE_OBJC_ARC = YES;
				CLANG_ENABLE_OBJC_WEAK = YES;
				CLANG_WARN_BLOCK_CAPTURE_AUTORELEASING = YES;
				CLANG_WARN_BOOL_CONVERSION = YES;
				CLANG_WARN_COMMA = YES;
				CLANG_WARN_CONSTANT_CONVERSION = YES;
				CLANG_WARN_DEPRECATED_OBJC_IMPLEMENTATIONS = YES;
				CLANG_WARN_DIRECT_OBJC_ISA_USAGE = YES_ERROR;
				CLANG_WARN_DOCUMENTATION_COMMENTS = YES;
				CLANG_WARN_EMPTY_BODY = YES;
				CLANG_WARN_ENUM_CONVERSION = YES;
				CLANG_WARN_INFINITE_RECURSION = YES;
				CLANG_WARN_INT_CONVERSION = YES;
				CLANG_WARN_NON_LITERAL_NULL_CONVERSION = YES;
				CLANG_WARN_OBJC_IMPLICIT_RETAIN_SELF = YES;
				CLANG_WARN_OBJC_LITERAL_CONVERSION = YES;
				CLANG_WARN_OBJC_ROOT_CLASS = YES_ERROR;
				CLANG_WARN_RANGE_LOOP_ANALYSIS = YES;
				CLANG_WARN_STRICT_PROTOTYPES = YES;
				CLANG_WARN_SUSPICIOUS_MOVE = YES;
				CLANG_WARN_UNGUARDED_AVAILABILITY = YES_AGGRESSIVE;
				CLANG_WARN_UNREACHABLE_CODE = YES;
				CLANG_WARN__DUPLICATE_METHOD_MATCH = YES;
				COPY_PHASE_STRIP = NO;
				DEBUG_INFORMATION_FORMAT = dwarf;
				ENABLE_STRICT_OBJC_MSGSEND = YES;
				ENABLE_TESTABILITY = YES;
				GCC_C_LANGUAGE_STANDARD = gnu11;
				GCC_DYNAMIC_NO_PIC = NO;
				GCC_NO_COMMON_BLOCKS = YES;
				GCC_OPTIMIZATION_LEVEL = 0;
				GCC_PREPROCESSOR_DEFINITIONS = (
					"DEBUG=1",
					"$(inherited)",
				);
				GCC_WARN_64_TO_32_BIT_CONVERSION = YES;
				GCC_WARN_ABOUT_RETURN_TYPE = YES_ERROR;
				GCC_WARN_UNDECLARED_SELECTOR = YES;
				GCC_WARN_UNINITIALIZED_AUTOS = YES_AGGRESSIVE;
				GCC_WARN_UNUSED_FUNCTION = YES;
				GCC_WARN_UNUSED_VARIABLE = YES;
				MACOSX_DEPLOYMENT_TARGET = 10.15;
				MTL_ENABLE_DEBUG_INFO = INCLUDE_SOURCE;
				MTL_FAST_MATH = YES;
				ONLY_ACTIVE_ARCH = YES;
				SDKROOT = macosx;
				SWIFT_ACTIVE_COMPILATION_CONDITIONS = DEBUG;
				SWIFT_OPTIMIZATION_LEVEL = "-Onone";
			};
			name = Debug;
		};
		83F5DF85246FEB1E005DA894 /* Release */ = {
			isa = XCBuildConfiguration;
			buildSettings = {
				ALWAYS_SEARCH_USER_PATHS = NO;
				CLANG_ANALYZER_NONNULL = YES;
				CLANG_ANALYZER_NUMBER_OBJECT_CONVERSION = YES_AGGRESSIVE;
				CLANG_CXX_LANGUAGE_STANDARD = "gnu++14";
				CLANG_CXX_LIBRARY = "libc++";
				CLANG_ENABLE_MODULES = YES;
				CLANG_ENABLE_OBJC_ARC = YES;
				CLANG_ENABLE_OBJC_WEAK = YES;
				CLANG_WARN_BLOCK_CAPTURE_AUTORELEASING = YES;
				CLANG_WARN_BOOL_CONVERSION = YES;
				CLANG_WARN_COMMA = YES;
				CLANG_WARN_CONSTANT_CONVERSION = YES;
				CLANG_WARN_DEPRECATED_OBJC_IMPLEMENTATIONS = YES;
				CLANG_WARN_DIRECT_OBJC_ISA_USAGE = YES_ERROR;
				CLANG_WARN_DOCUMENTATION_COMMENTS = YES;
				CLANG_WARN_EMPTY_BODY = YES;
				CLANG_WARN_ENUM_CONVERSION = YES;
				CLANG_WARN_INFINITE_RECURSION = YES;
				CLANG_WARN_INT_CONVERSION = YES;
				CLANG_WARN_NON_LITERAL_NULL_CONVERSION = YES;
				CLANG_WARN_OBJC_IMPLICIT_RETAIN_SELF = YES;
				CLANG_WARN_OBJC_LITERAL_CONVERSION = YES;
				CLANG_WARN_OBJC_ROOT_CLASS = YES_ERROR;
				CLANG_WARN_RANGE_LOOP_ANALYSIS = YES;
				CLANG_WARN_STRICT_PROTOTYPES = YES;
				CLANG_WARN_SUSPICIOUS_MOVE = YES;
				CLANG_WARN_UNGUARDED_AVAILABILITY = YES_AGGRESSIVE;
				CLANG_WARN_UNREACHABLE_CODE = YES;
				CLANG_WARN__DUPLICATE_METHOD_MATCH = YES;
				COPY_PHASE_STRIP = NO;
				DEBUG_INFORMATION_FORMAT = "dwarf-with-dsym";
				ENABLE_NS_ASSERTIONS = NO;
				ENABLE_STRICT_OBJC_MSGSEND = YES;
				GCC_C_LANGUAGE_STANDARD = gnu11;
				GCC_NO_COMMON_BLOCKS = YES;
				GCC_WARN_64_TO_32_BIT_CONVERSION = YES;
				GCC_WARN_ABOUT_RETURN_TYPE = YES_ERROR;
				GCC_WARN_UNDECLARED_SELECTOR = YES;
				GCC_WARN_UNINITIALIZED_AUTOS = YES_AGGRESSIVE;
				GCC_WARN_UNUSED_FUNCTION = YES;
				GCC_WARN_UNUSED_VARIABLE = YES;
				MACOSX_DEPLOYMENT_TARGET = 10.15;
				MTL_ENABLE_DEBUG_INFO = NO;
				MTL_FAST_MATH = YES;
				SDKROOT = macosx;
				SWIFT_COMPILATION_MODE = wholemodule;
				SWIFT_OPTIMIZATION_LEVEL = "-O";
			};
			name = Release;
		};
		83F5DF87246FEB1E005DA894 /* Debug */ = {
			isa = XCBuildConfiguration;
			buildSettings = {
				ASSETCATALOG_COMPILER_APPICON_NAME = AppIcon;
				CODE_SIGN_ENTITLEMENTS = MVCtest/MVCtest.entitlements;
				CODE_SIGN_IDENTITY = "Apple Development";
				CODE_SIGN_STYLE = Automatic;
				COMBINE_HIDPI_IMAGES = YES;
				DEVELOPMENT_TEAM = 3NE8S2V945;
				ENABLE_HARDENED_RUNTIME = YES;
				INFOPLIST_FILE = MVCtest/Info.plist;
				LD_RUNPATH_SEARCH_PATHS = (
					"$(inherited)",
					"@executable_path/../Frameworks",
				);
				MACOSX_DEPLOYMENT_TARGET = 10.12;
				PRODUCT_BUNDLE_IDENTIFIER = nl.CSolutions.MVCtest;
				PRODUCT_NAME = "$(TARGET_NAME)";
				SWIFT_VERSION = 5.0;
			};
			name = Debug;
		};
		83F5DF88246FEB1E005DA894 /* Release */ = {
			isa = XCBuildConfiguration;
			buildSettings = {
				ASSETCATALOG_COMPILER_APPICON_NAME = AppIcon;
				CODE_SIGN_ENTITLEMENTS = MVCtest/MVCtest.entitlements;
				CODE_SIGN_IDENTITY = "Apple Development";
				CODE_SIGN_STYLE = Automatic;
				COMBINE_HIDPI_IMAGES = YES;
				DEVELOPMENT_TEAM = 3NE8S2V945;
				ENABLE_HARDENED_RUNTIME = YES;
				INFOPLIST_FILE = MVCtest/Info.plist;
				LD_RUNPATH_SEARCH_PATHS = (
					"$(inherited)",
					"@executable_path/../Frameworks",
				);
				MACOSX_DEPLOYMENT_TARGET = 10.12;
				PRODUCT_BUNDLE_IDENTIFIER = nl.CSolutions.MVCtest;
				PRODUCT_NAME = "$(TARGET_NAME)";
				SWIFT_VERSION = 5.0;
			};
			name = Release;
		};
/* End XCBuildConfiguration section */

/* Begin XCConfigurationList section */
		83F5DF71246FEB1D005DA894 /* Build configuration list for PBXProject "MVCtest" */ = {
			isa = XCConfigurationList;
			buildConfigurations = (
				83F5DF84246FEB1E005DA894 /* Debug */,
				83F5DF85246FEB1E005DA894 /* Release */,
			);
			defaultConfigurationIsVisible = 0;
			defaultConfigurationName = Release;
		};
		83F5DF86246FEB1E005DA894 /* Build configuration list for PBXNativeTarget "MVCtest" */ = {
			isa = XCConfigurationList;
			buildConfigurations = (
				83F5DF87246FEB1E005DA894 /* Debug */,
				83F5DF88246FEB1E005DA894 /* Release */,
			);
			defaultConfigurationIsVisible = 0;
			defaultConfigurationName = Release;
		};
/* End XCConfigurationList section */
	};
	rootObject = 83F5DF6E246FEB1D005DA894 /* Project object */;
}
